
Microsoft Visual Studio Solution File, Format Version 12.00
# Visual Studio Version 17
VisualStudioVersion = 17.8.34316.72
MinimumVisualStudioVersion = 10.0.40219.1
Project("{FAE04EC0-301F-11D3-BF4B-00C04F79EFBC}") = "GA_Loops", "GA_Loops.csproj", "{6ADE0D99-6E1D-4FA9-8EB1-8F710FB861CD}"
EndProject
Global
	GlobalSection(SolutionConfigurationPlatforms) = preSolution
		Debug|Any CPU = Debug|Any CPU
		Release|Any CPU = Release|Any CPU
	EndGlobalSection
	GlobalSection(ProjectConfigurationPlatforms) = postSolution
		{6ADE0D99-6E1D-4FA9-8EB1-8F710FB861CD}.Debug|Any CPU.ActiveCfg = Debug|Any CPU
		{6ADE0D99-6E1D-4FA9-8EB1-8F710FB861CD}.Debug|Any CPU.Build.0 = Debug|Any CPU
		{6ADE0D99-6E1D-4FA9-8EB1-8F710FB861CD}.Release|Any CPU.ActiveCfg = Release|Any CPU
		{6ADE0D99-6E1D-4FA9-8EB1-8F710FB861CD}.Release|Any CPU.Build.0 = Release|Any CPU
	EndGlobalSection
	GlobalSection(SolutionProperties) = preSolution
		HideSolutionNode = FALSE
	EndGlobalSection
	GlobalSection(ExtensibilityGlobals) = postSolution
		SolutionGuid = {6D7CA859-2D19-4643-9D41-EAF6B69F5192}
	EndGlobalSection
EndGlobal
